
Microsoft Visual Studio Solution File, Format Version 12.00
# Visual Studio 15
VisualStudioVersion = 15.0.26430.6
MinimumVisualStudioVersion = 10.0.40219.1
Project("{2150E333-8FDC-42A3-9474-1A3956D46DE8}") = "WhenWillIDie", "WhenWillIDie", "{A4707BBF-44A4-43F1-99C9-D7795CD85803}"
	ProjectSection(SolutionItems) = preProject
		Home.html = Home.html
		Main.js = Main.js
		StyleSheet1.css = StyleSheet1.css
	EndProjectSection
EndProject
Global
	GlobalSection(SolutionProperties) = preSolution
		HideSolutionNode = FALSE
	EndGlobalSection
EndGlobal
